PODS:
  - ADNKit (1.3.1):
    - AFNetworking (~> 1.3.0)
  - ADNLogin (2.1.0)
  - AFNetworking (1.3.4)
  - ALActionBlocks (1.0.3)
  - ALToolkit (0.1)
  - DACircularProgress (2.2.0)
  - MASPreferences (1.1)
  - MASShortcut (1.2.3)
  - MBProgressHUD (0.8)
  - MWPhotoBrowser (1.4.0):
    - DACircularProgress
    - MBProgressHUD (~> 0.8)
    - PSTCollectionView (~> 1.2)
    - SDWebImage (~> 3.5.4)
  - NYXImagesKit (2.3)
  - PSTCollectionView (1.2.0)
  - SDScreenshotCapture (1.3)
  - SDWebImage (3.5.4):
    - SDWebImage/Core (= 3.5.4)
  - SDWebImage/Core (3.5.4)
  - SSKeychain (1.2.2)
  - SVProgressHUD (1.0)

DEPENDENCIES:
  - ADNKit
  - ADNLogin
  - ALActionBlocks
  - ALToolkit (from `https://github.com/lavoy/ALToolkit.git`)
  - DACircularProgress
  - MASPreferences
  - MASShortcut
  - MWPhotoBrowser
  - NYXImagesKit
  - SDScreenshotCapture
  - SDWebImage
  - SSKeychain
  - SVProgressHUD

EXTERNAL SOURCES:
  ALToolkit:
    :git: https://github.com/lavoy/ALToolkit.git

CHECKOUT OPTIONS:
  ALToolkit:
    :commit: d3f1ece01ac4a8cc7314dbb30d24dfb0e476f8a7
    :git: https://github.com/lavoy/ALToolkit.git

SPEC CHECKSUMS:
  ADNKit: 29e86c3f33733373cb544c85e45bf4978f12843b
  ADNLogin: 840d142e529d158f40468b78e42b1bd2462471b4
  AFNetworking: cf8e418e16f0c9c7e5c3150d019a3c679d015018
  ALActionBlocks: ac91b1a37b60a8004fb687ddade0600446f3d3fa
  ALToolkit: 376f911cb6d354796dd3c054acc39f1d6f1e8da3
  DACircularProgress: 0f92b77239d5f3c612fc66185e2998391ac8e054
  MASPreferences: fd8927826876acb095c78ca3f858818463ffdc30
  MASShortcut: 34ccbe90d78ceb216c410ace39a57a2b10ea7141
  MBProgressHUD: 8688c331cb64702283be37ab8d7d329cdd25f251
  MWPhotoBrowser: 02c13159c8cc89740a53a2e59b368593b2495715
  NYXImagesKit: 8163e3335a40eaa173ca5bbbf81fafb57d3947eb
  PSTCollectionView: 781bdbcbf2f8c79f618441ced58105383603e6bc
  SDScreenshotCapture: e5dd64e38228e6357a5ea6a80dd8f1bacc351c8a
  SDWebImage: 32ca144928625f9a04d561115028cf6db3aa7b63
  SSKeychain: 88767e903ee8d274ed380e364d96b7a101235286
  SVProgressHUD: 46088807596a795cbcb4affd92cf3f13b6ab3dda

PODFILE CHECKSUM: 3438d0feff7d8d481b09ba0a33853bdb4b594a65

COCOAPODS: 1.1.0.rc.2
